
Microsoft Visual Studio Solution File, Format Version 12.00
# Visual Studio Version 17
VisualStudioVersion = 17.8.34330.188
MinimumVisualStudioVersion = 10.0.40219.1
Project("{FAE04EC0-301F-11D3-BF4B-00C04F79EFBC}") = "WindowsFormsApp", "WindowsFormsApp\WindowsFormsApp.csproj", "{E86996D5-A26A-44AE-99BE-4BDF18595F40}"
EndProject
Global
	GlobalSection(SolutionConfigurationPlatforms) = preSolution
		Debug|Any CPU = Debug|Any CPU
		Release|Any CPU = Release|Any CPU
	EndGlobalSection
	GlobalSection(ProjectConfigurationPlatforms) = postSolution
		{E86996D5-A26A-44AE-99BE-4BDF18595F40}.Debug|Any CPU.ActiveCfg = Debug|Any CPU
		{E86996D5-A26A-44AE-99BE-4BDF18595F40}.Debug|Any CPU.Build.0 = Debug|Any CPU
		{E86996D5-A26A-44AE-99BE-4BDF18595F40}.Release|Any CPU.ActiveCfg = Release|Any CPU
		{E86996D5-A26A-44AE-99BE-4BDF18595F40}.Release|Any CPU.Build.0 = Release|Any CPU
	EndGlobalSection
	GlobalSection(SolutionProperties) = preSolution
		HideSolutionNode = FALSE
	EndGlobalSection
	GlobalSection(ExtensibilityGlobals) = postSolution
		SolutionGuid = {94C3990E-6D79-4761-9876-1ED8BEAB1775}
	EndGlobalSection
EndGlobal
